
Microsoft Visual Studio Solution File, Format Version 12.00
# Visual Studio Version 16
VisualStudioVersion = 16.0.30503.244
MinimumVisualStudioVersion = 10.0.40219.1
Project("{FAE04EC0-301F-11D3-BF4B-00C04F79EFBC}") = "PaintingWithPals", "PaintingWithPals\PaintingWithPals.csproj", "{F91F3646-7283-4A7F-AA21-24E3F7BC81B4}"
EndProject
Global
	GlobalSection(SolutionConfigurationPlatforms) = preSolution
		Debug|Any CPU = Debug|Any CPU
		Release|Any CPU = Release|Any CPU
	EndGlobalSection
	GlobalSection(ProjectConfigurationPlatforms) = postSolution
		{F91F3646-7283-4A7F-AA21-24E3F7BC81B4}.Debug|Any CPU.ActiveCfg = Debug|Any CPU
		{F91F3646-7283-4A7F-AA21-24E3F7BC81B4}.Debug|Any CPU.Build.0 = Debug|Any CPU
		{F91F3646-7283-4A7F-AA21-24E3F7BC81B4}.Release|Any CPU.ActiveCfg = Release|Any CPU
		{F91F3646-7283-4A7F-AA21-24E3F7BC81B4}.Release|Any CPU.Build.0 = Release|Any CPU
	EndGlobalSection
	GlobalSection(SolutionProperties) = preSolution
		HideSolutionNode = FALSE
	EndGlobalSection
	GlobalSection(ExtensibilityGlobals) = postSolution
		SolutionGuid = {D5E78A01-9E77-4F98-BE7A-1D6CE06CD715}
	EndGlobalSection
EndGlobal
